// !$*UTF8*$!
{
	archiveVersion = 1;
	classes = {
	};
	objectVersion = 56;
	objects = {

/* Begin PBXBuildFile section */
		9619F07D2B1B8AF000562AA2 /* day02_part1.swift in Sources */ = {isa = PBXBuildFile; fileRef = 9619F07C2B1B8AF000562AA2 /* day02_part1.swift */; };
		968C48292B1A777500F414E2 /* day01_part2.swift in Sources */ = {isa = PBXBuildFile; fileRef = 968C48282B1A777500F414E2 /* day01_part2.swift */; };
		968E753E2B1A1683001EC253 /* main.swift in Sources */ = {isa = PBXBuildFile; fileRef = 968E753D2B1A1683001EC253 /* main.swift */; };
		968E75492B1A16F1001EC253 /* GetInput.swift in Sources */ = {isa = PBXBuildFile; fileRef = 968E75482B1A16F1001EC253 /* GetInput.swift */; };
		968E754A2B1A17D4001EC253 /* day01_part1.swift in Sources */ = {isa = PBXBuildFile; fileRef = 968E75462B1A16B3001EC253 /* day01_part1.swift */; };
/* End PBXBuildFile section */

/* Begin PBXCopyFilesBuildPhase section */
		968E75382B1A1683001EC253 /* Copy Files */ = {
			isa = PBXCopyFilesBuildPhase;
			buildActionMask = 2147483647;
			dstPath = /usr/share/man/man1;
			dstSubfolderSpec = 0;
			files = (
			);
			name = "Copy Files";
			runOnlyForDeploymentPostprocessing = 1;
		};
/* End PBXCopyFilesBuildPhase section */

/* Begin PBXFileReference section */
		9619F07C2B1B8AF000562AA2 /* day02_part1.swift */ = {isa = PBXFileReference; lastKnownFileType = sourcecode.swift; path = day02_part1.swift; sourceTree = "<group>"; };
		9619F07E2B1B8B0400562AA2 /* day02_testInput.txt */ = {isa = PBXFileReference; lastKnownFileType = text; path = day02_testInput.txt; sourceTree = "<group>"; };
		9619F07F2B1BA0A300562AA2 /* day02_realInput.txt */ = {isa = PBXFileReference; lastKnownFileType = text; path = day02_realInput.txt; sourceTree = "<group>"; };
		968C481D2B1A1A9400F414E2 /* day01_realInput.txt */ = {isa = PBXFileReference; fileEncoding = 4; lastKnownFileType = text; path = day01_realInput.txt; sourceTree = "<group>"; };
		968C481E2B1A1A9400F414E2 /* day01_testInput.txt */ = {isa = PBXFileReference; fileEncoding = 4; lastKnownFileType = text; path = day01_testInput.txt; sourceTree = "<group>"; };
		968C48282B1A777500F414E2 /* day01_part2.swift */ = {isa = PBXFileReference; lastKnownFileType = sourcecode.swift; path = day01_part2.swift; sourceTree = "<group>"; };
		968C482A2B1A77CD00F414E2 /* day01_part02_testInput.txt */ = {isa = PBXFileReference; lastKnownFileType = text; path = day01_part02_testInput.txt; sourceTree = "<group>"; };
		968C482B2B1A863700F414E2 /* day01_part02_testInput_v2.txt */ = {isa = PBXFileReference; lastKnownFileType = text; path = day01_part02_testInput_v2.txt; sourceTree = "<group>"; };
		968E753A2B1A1683001EC253 /* Advent of Code 2023 */ = {isa = PBXFileReference; explicitFileType = "compiled.mach-o.executable"; includeInIndex = 0; path = "Advent of Code 2023"; sourceTree = BUILT_PRODUCTS_DIR; };
		968E753D2B1A1683001EC253 /* main.swift */ = {isa = PBXFileReference; lastKnownFileType = sourcecode.swift; path = main.swift; sourceTree = "<group>"; };
		968E75462B1A16B3001EC253 /* day01_part1.swift */ = {isa = PBXFileReference; lastKnownFileType = sourcecode.swift; path = day01_part1.swift; sourceTree = "<group>"; };
		968E75482B1A16F1001EC253 /* GetInput.swift */ = {isa = PBXFileReference; lastKnownFileType = sourcecode.swift; path = GetInput.swift; sourceTree = "<group>"; };
/* End PBXFileReference section */

/* Begin PBXFrameworksBuildPhase section */
		968E75372B1A1683001EC253 /* Frameworks */ = {
			isa = PBXFrameworksBuildPhase;
			buildActionMask = 2147483647;
			files = (
			);
			runOnlyForDeploymentPostprocessing = 0;
		};
/* End PBXFrameworksBuildPhase section */

/* Begin PBXGroup section */
		9619F07B2B1B8ADB00562AA2 /* day02 */ = {
			isa = PBXGroup;
			children = (
				9619F07C2B1B8AF000562AA2 /* day02_part1.swift */,
				9619F07E2B1B8B0400562AA2 /* day02_testInput.txt */,
				9619F07F2B1BA0A300562AA2 /* day02_realInput.txt */,
			);
			path = day02;
			sourceTree = "<group>";
		};
		968E75312B1A1683001EC253 = {
			isa = PBXGroup;
			children = (
				968E753C2B1A1683001EC253 /* Advent of Code 2023 */,
				968E753B2B1A1683001EC253 /* Products */,
			);
			sourceTree = "<group>";
		};
		968E753B2B1A1683001EC253 /* Products */ = {
			isa = PBXGroup;
			children = (
				968E753A2B1A1683001EC253 /* Advent of Code 2023 */,
			);
			name = Products;
			sourceTree = "<group>";
		};
		968E753C2B1A1683001EC253 /* Advent of Code 2023 */ = {
			isa = PBXGroup;
			children = (
				968E753D2B1A1683001EC253 /* main.swift */,
				968E75482B1A16F1001EC253 /* GetInput.swift */,
				9619F07B2B1B8ADB00562AA2 /* day02 */,
				968E75442B1A1692001EC253 /* day01 */,
			);
			path = "Advent of Code 2023";
			sourceTree = "<group>";
		};
		968E75442B1A1692001EC253 /* day01 */ = {
			isa = PBXGroup;
			children = (
				968E75462B1A16B3001EC253 /* day01_part1.swift */,
				968C48282B1A777500F414E2 /* day01_part2.swift */,
				968C481D2B1A1A9400F414E2 /* day01_realInput.txt */,
				968C481E2B1A1A9400F414E2 /* day01_testInput.txt */,
				968C482A2B1A77CD00F414E2 /* day01_part02_testInput.txt */,
				968C482B2B1A863700F414E2 /* day01_part02_testInput_v2.txt */,
			);
			path = day01;
			sourceTree = "<group>";
		};
/* End PBXGroup section */

/* Begin PBXNativeTarget section */
		968E75392B1A1683001EC253 /* Advent of Code 2023 */ = {
			isa = PBXNativeTarget;
			buildConfigurationList = 968E75412B1A1683001EC253 /* Build configuration list for PBXNativeTarget "Advent of Code 2023" */;
			buildPhases = (
				968E75362B1A1683001EC253 /* Sources */,
				968E75372B1A1683001EC253 /* Frameworks */,
				968E75382B1A1683001EC253 /* Copy Files */,
			);
			buildRules = (
			);
			dependencies = (
			);
			name = "Advent of Code 2023";
			productName = "Advent of Code 2023";
			productReference = 968E753A2B1A1683001EC253 /* Advent of Code 2023 */;
			productType = "com.apple.product-type.tool";
		};
/* End PBXNativeTarget section */

/* Begin PBXProject section */
		968E75322B1A1683001EC253 /* Project object */ = {
			isa = PBXProject;
			attributes = {
				BuildIndependentTargetsInParallel = 1;
				LastSwiftUpdateCheck = 1500;
				LastUpgradeCheck = 1500;
				TargetAttributes = {
					968E75392B1A1683001EC253 = {
						CreatedOnToolsVersion = 15.0;
					};
				};
			};
			buildConfigurationList = 968E75352B1A1683001EC253 /* Build configuration list for PBXProject "Advent of Code 2023" */;
			compatibilityVersion = "Xcode 14.0";
			developmentRegion = en;
			hasScannedForEncodings = 0;
			knownRegions = (
				en,
				Base,
			);
			mainGroup = 968E75312B1A1683001EC253;
			productRefGroup = 968E753B2B1A1683001EC253 /* Products */;
			projectDirPath = "";
			projectRoot = "";
			targets = (
				968E75392B1A1683001EC253 /* Advent of Code 2023 */,
			);
		};
/* End PBXProject section */

/* Begin PBXSourcesBuildPhase section */
		968E75362B1A1683001EC253 /* Sources */ = {
			isa = PBXSourcesBuildPhase;
			buildActionMask = 2147483647;
			files = (
				968E753E2B1A1683001EC253 /* main.swift in Sources */,
				968E75492B1A16F1001EC253 /* GetInput.swift in Sources */,
				968E754A2B1A17D4001EC253 /* day01_part1.swift in Sources */,
				968C48292B1A777500F414E2 /* day01_part2.swift in Sources */,
				9619F07D2B1B8AF000562AA2 /* day02_part1.swift in Sources */,
			);
			runOnlyForDeploymentPostprocessing = 0;
		};
/* End PBXSourcesBuildPhase section */

/* Begin XCBuildConfiguration section */
		968E753F2B1A1683001EC253 /* Debug */ = {
			isa = XCBuildConfiguration;
			buildSettings = {
				ALWAYS_SEARCH_USER_PATHS = NO;
				ASSETCATALOG_COMPILER_GENERATE_SWIFT_ASSET_SYMBOL_EXTENSIONS = YES;
				CLANG_ANALYZER_NONNULL = YES;
				CLANG_ANALYZER_NUMBER_OBJECT_CONVERSION = YES_AGGRESSIVE;
				CLANG_CXX_LANGUAGE_STANDARD = "gnu++20";
				CLANG_ENABLE_MODULES = YES;
				CLANG_ENABLE_OBJC_ARC = YES;
				CLANG_ENABLE_OBJC_WEAK = YES;
				CLANG_WARN_BLOCK_CAPTURE_AUTORELEASING = YES;
				CLANG_WARN_BOOL_CONVERSION = YES;
				CLANG_WARN_COMMA = YES;
				CLANG_WARN_CONSTANT_CONVERSION = YES;
				CLANG_WARN_DEPRECATED_OBJC_IMPLEMENTATIONS = YES;
				CLANG_WARN_DIRECT_OBJC_ISA_USAGE = YES_ERROR;
				CLANG_WARN_DOCUMENTATION_COMMENTS = YES;
				CLANG_WARN_EMPTY_BODY = YES;
				CLANG_WARN_ENUM_CONVERSION = YES;
				CLANG_WARN_INFINITE_RECURSION = YES;
				CLANG_WARN_INT_CONVERSION = YES;
				CLANG_WARN_NON_LITERAL_NULL_CONVERSION = YES;
				CLANG_WARN_OBJC_IMPLICIT_RETAIN_SELF = YES;
				CLANG_WARN_OBJC_LITERAL_CONVERSION = YES;
				CLANG_WARN_OBJC_ROOT_CLASS = YES_ERROR;
				CLANG_WARN_QUOTED_INCLUDE_IN_FRAMEWORK_HEADER = YES;
				CLANG_WARN_RANGE_LOOP_ANALYSIS = YES;
				CLANG_WARN_STRICT_PROTOTYPES = YES;
				CLANG_WARN_SUSPICIOUS_MOVE = YES;
				CLANG_WARN_UNGUARDED_AVAILABILITY = YES_AGGRESSIVE;
				CLANG_WARN_UNREACHABLE_CODE = YES;
				CLANG_WARN__DUPLICATE_METHOD_MATCH = YES;
				COPY_PHASE_STRIP = NO;
				DEBUG_INFORMATION_FORMAT = dwarf;
				ENABLE_STRICT_OBJC_MSGSEND = YES;
				ENABLE_TESTABILITY = YES;
				ENABLE_USER_SCRIPT_SANDBOXING = YES;
				GCC_C_LANGUAGE_STANDARD = gnu17;
				GCC_DYNAMIC_NO_PIC = NO;
				GCC_NO_COMMON_BLOCKS = YES;
				GCC_OPTIMIZATION_LEVEL = 0;
				GCC_PREPROCESSOR_DEFINITIONS = (
					"DEBUG=1",
					"$(inherited)",
				);
				GCC_WARN_64_TO_32_BIT_CONVERSION = YES;
				GCC_WARN_ABOUT_RETURN_TYPE = YES_ERROR;
				GCC_WARN_UNDECLARED_SELECTOR = YES;
				GCC_WARN_UNINITIALIZED_AUTOS = YES_AGGRESSIVE;
				GCC_WARN_UNUSED_FUNCTION = YES;
				GCC_WARN_UNUSED_VARIABLE = YES;
				LOCALIZATION_PREFERS_STRING_CATALOGS = YES;
				MACOSX_DEPLOYMENT_TARGET = 13.6;
				MTL_ENABLE_DEBUG_INFO = INCLUDE_SOURCE;
				MTL_FAST_MATH = YES;
				ONLY_ACTIVE_ARCH = YES;
				SDKROOT = macosx;
				SWIFT_ACTIVE_COMPILATION_CONDITIONS = "DEBUG $(inherited)";
				SWIFT_OPTIMIZATION_LEVEL = "-Onone";
			};
			name = Debug;
		};
		968E75402B1A1683001EC253 /* Release */ = {
			isa = XCBuildConfiguration;
			buildSettings = {
				ALWAYS_SEARCH_USER_PATHS = NO;
				ASSETCATALOG_COMPILER_GENERATE_SWIFT_ASSET_SYMBOL_EXTENSIONS = YES;
				CLANG_ANALYZER_NONNULL = YES;
				CLANG_ANALYZER_NUMBER_OBJECT_CONVERSION = YES_AGGRESSIVE;
				CLANG_CXX_LANGUAGE_STANDARD = "gnu++20";
				CLANG_ENABLE_MODULES = YES;
				CLANG_ENABLE_OBJC_ARC = YES;
				CLANG_ENABLE_OBJC_WEAK = YES;
				CLANG_WARN_BLOCK_CAPTURE_AUTORELEASING = YES;
				CLANG_WARN_BOOL_CONVERSION = YES;
				CLANG_WARN_COMMA = YES;
				CLANG_WARN_CONSTANT_CONVERSION = YES;
				CLANG_WARN_DEPRECATED_OBJC_IMPLEMENTATIONS = YES;
				CLANG_WARN_DIRECT_OBJC_ISA_USAGE = YES_ERROR;
				CLANG_WARN_DOCUMENTATION_COMMENTS = YES;
				CLANG_WARN_EMPTY_BODY = YES;
				CLANG_WARN_ENUM_CONVERSION = YES;
				CLANG_WARN_INFINITE_RECURSION = YES;
				CLANG_WARN_INT_CONVERSION = YES;
				CLANG_WARN_NON_LITERAL_NULL_CONVERSION = YES;
				CLANG_WARN_OBJC_IMPLICIT_RETAIN_SELF = YES;
				CLANG_WARN_OBJC_LITERAL_CONVERSION = YES;
				CLANG_WARN_OBJC_ROOT_CLASS = YES_ERROR;
				CLANG_WARN_QUOTED_INCLUDE_IN_FRAMEWORK_HEADER = YES;
				CLANG_WARN_RANGE_LOOP_ANALYSIS = YES;
				CLANG_WARN_STRICT_PROTOTYPES = YES;
				CLANG_WARN_SUSPICIOUS_MOVE = YES;
				CLANG_WARN_UNGUARDED_AVAILABILITY = YES_AGGRESSIVE;
				CLANG_WARN_UNREACHABLE_CODE = YES;
				CLANG_WARN__DUPLICATE_METHOD_MATCH = YES;
				COPY_PHASE_STRIP = NO;
				DEBUG_INFORMATION_FORMAT = "dwarf-with-dsym";
				ENABLE_NS_ASSERTIONS = NO;
				ENABLE_STRICT_OBJC_MSGSEND = YES;
				ENABLE_USER_SCRIPT_SANDBOXING = YES;
				GCC_C_LANGUAGE_STANDARD = gnu17;
				GCC_NO_COMMON_BLOCKS = YES;
				GCC_WARN_64_TO_32_BIT_CONVERSION = YES;
				GCC_WARN_ABOUT_RETURN_TYPE = YES_ERROR;
				GCC_WARN_UNDECLARED_SELECTOR = YES;
				GCC_WARN_UNINITIALIZED_AUTOS = YES_AGGRESSIVE;
				GCC_WARN_UNUSED_FUNCTION = YES;
				GCC_WARN_UNUSED_VARIABLE = YES;
				LOCALIZATION_PREFERS_STRING_CATALOGS = YES;
				MACOSX_DEPLOYMENT_TARGET = 13.6;
				MTL_ENABLE_DEBUG_INFO = NO;
				MTL_FAST_MATH = YES;
				SDKROOT = macosx;
				SWIFT_COMPILATION_MODE = wholemodule;
			};
			name = Release;
		};
		968E75422B1A1683001EC253 /* Debug */ = {
			isa = XCBuildConfiguration;
			buildSettings = {
				CODE_SIGN_STYLE = Automatic;
				DEVELOPMENT_TEAM = 98RMWT339L;
				ENABLE_HARDENED_RUNTIME = YES;
				PRODUCT_NAME = "$(TARGET_NAME)";
				SWIFT_VERSION = 5.0;
			};
			name = Debug;
		};
		968E75432B1A1683001EC253 /* Release */ = {
			isa = XCBuildConfiguration;
			buildSettings = {
				CODE_SIGN_STYLE = Automatic;
				DEVELOPMENT_TEAM = 98RMWT339L;
				ENABLE_HARDENED_RUNTIME = YES;
				PRODUCT_NAME = "$(TARGET_NAME)";
				SWIFT_VERSION = 5.0;
			};
			name = Release;
		};
/* End XCBuildConfiguration section */

/* Begin XCConfigurationList section */
		968E75352B1A1683001EC253 /* Build configuration list for PBXProject "Advent of Code 2023" */ = {
			isa = XCConfigurationList;
			buildConfigurations = (
				968E753F2B1A1683001EC253 /* Debug */,
				968E75402B1A1683001EC253 /* Release */,
			);
			defaultConfigurationIsVisible = 0;
			defaultConfigurationName = Release;
		};
		968E75412B1A1683001EC253 /* Build configuration list for PBXNativeTarget "Advent of Code 2023" */ = {
			isa = XCConfigurationList;
			buildConfigurations = (
				968E75422B1A1683001EC253 /* Debug */,
				968E75432B1A1683001EC253 /* Release */,
			);
			defaultConfigurationIsVisible = 0;
			defaultConfigurationName = Release;
		};
/* End XCConfigurationList section */
	};
	rootObject = 968E75322B1A1683001EC253 /* Project object */;
}
